# Runtime versions exercised on Python 3.12.10, 2026-09-22.
Flask==3.1.3
Werkzeug==3.1.8
Jinja2==3.1.6
MarkupSafe==3.0.3
itsdangerous==2.2.0
click==8.5.0
blinker==1.9.0
waitress==3.0.2
colorama==0.4.6; sys_platform == "win32"
jsonschema==4.26.0
attrs==26.1.0
jsonschema-specifications==2025.9.1
referencing==0.37.0
rpds-py==2026.6.3
typing-extensions==4.16.0
rfc8785==0.1.4
# Local package installed separately: -e applicative_infrastructure/common/packages/gsp_record_protocol

# Shared storage: pip install -e applicative_infrastructure/common/packages/gsp_git_store
